
Microsoft Visual Studio Solution File, Format Version 12.00
# Visual Studio Version 16
VisualStudioVersion = 16.0.30804.86
MinimumVisualStudioVersion = 10.0.40219.1
Project("{FAE04EC0-301F-11D3-BF4B-00C04F79EFBC}") = "01_InitialSetup", "01_InitialSetup\01_InitialSetup.csproj", "{F2E3B9AB-905A-48FE-942B-5BF283EADDA8}"
EndProject
Project("{FAE04EC0-301F-11D3-BF4B-00C04F79EFBC}") = "02_VillainNames", "02_VillainNames\02_VillainNames.csproj", "{D85CBE35-9814-4508-9AF9-C4DEB270453D}"
EndProject
Project("{FAE04EC0-301F-11D3-BF4B-00C04F79EFBC}") = "03_MinionNames", "03_MinionNames\03_MinionNames.csproj", "{CDD9A8BF-D2AD-4D17-897D-35DBDB2987EA}"
EndProject
Global
	GlobalSection(SolutionConfigurationPlatforms) = preSolution
		Debug|Any CPU = Debug|Any CPU
		Release|Any CPU = Release|Any CPU
	EndGlobalSection
	GlobalSection(ProjectConfigurationPlatforms) = postSolution
		{F2E3B9AB-905A-48FE-942B-5BF283EADDA8}.Debug|Any CPU.ActiveCfg = Debug|Any CPU
		{F2E3B9AB-905A-48FE-942B-5BF283EADDA8}.Debug|Any CPU.Build.0 = Debug|Any CPU
		{F2E3B9AB-905A-48FE-942B-5BF283EADDA8}.Release|Any CPU.ActiveCfg = Release|Any CPU
		{F2E3B9AB-905A-48FE-942B-5BF283EADDA8}.Release|Any CPU.Build.0 = Release|Any CPU
		{D85CBE35-9814-4508-9AF9-C4DEB270453D}.Debug|Any CPU.ActiveCfg = Debug|Any CPU
		{D85CBE35-9814-4508-9AF9-C4DEB270453D}.Debug|Any CPU.Build.0 = Debug|Any CPU
		{D85CBE35-9814-4508-9AF9-C4DEB270453D}.Release|Any CPU.ActiveCfg = Release|Any CPU
		{D85CBE35-9814-4508-9AF9-C4DEB270453D}.Release|Any CPU.Build.0 = Release|Any CPU
		{CDD9A8BF-D2AD-4D17-897D-35DBDB2987EA}.Debug|Any CPU.ActiveCfg = Debug|Any CPU
		{CDD9A8BF-D2AD-4D17-897D-35DBDB2987EA}.Debug|Any CPU.Build.0 = Debug|Any CPU
		{CDD9A8BF-D2AD-4D17-897D-35DBDB2987EA}.Release|Any CPU.ActiveCfg = Release|Any CPU
		{CDD9A8BF-D2AD-4D17-897D-35DBDB2987EA}.Release|Any CPU.Build.0 = Release|Any CPU
	EndGlobalSection
	GlobalSection(SolutionProperties) = preSolution
		HideSolutionNode = FALSE
	EndGlobalSection
	GlobalSection(ExtensibilityGlobals) = postSolution
		SolutionGuid = {8B591291-68BC-4DA1-A7E5-C53184119C99}
	EndGlobalSection
EndGlobal
